<?xml version="1.0" encoding="utf-8"?>
<Project ToolsVersion="4.0" xmlns="http://schemas.microsoft.com/developer/msbuild/2003">
  <ItemGroup>
    <Filter Include="Source Files">
      <UniqueIdentifier>{4FC737F1-C7A5-4376-A066-2A32D752A2FF}</UniqueIdentifier>
      <Extensions>cpp;c;cc;cxx;c++;cppm;ixx;def;odl;idl;hpj;bat;asm;asmx</Extensions>
    </Filter>
    <Filter Include="Header Files">
      <UniqueIdentifier>{93995380-89BD-4b04-88EB-625FBE52EBFB}</UniqueIdentifier>
      <Extensions>h;hh;hpp;hxx;h++;hm;inl;inc;ipp;xsd</Extensions>
    </Filter>
    <Filter Include="Resource Files">
      <UniqueIdentifier>{67DA6AB6-F800-4c08-8B7A-83BB121AAD01}</UniqueIdentifier>
      <Extensions>rc;ico;cur;bmp;dlg;rc2;rct;bin;rgs;gif;jpg;jpeg;jpe;resx;tiff;tif;png;wav;mfcribbon-ms</Extensions>
    </Filter>
    <Filter Include="Command Design Pattern">
      <UniqueIdentifier>{c7f30cfa-0353-4aa3-bf07-c9ff04316655}</UniqueIdentifier>
    </Filter>
    <Filter Include="Command Design Pattern\Source Files">
      <UniqueIdentifier>{7098e264-54a2-43cf-82fb-2fb3c14f916e}</UniqueIdentifier>
    </Filter>
    <Filter Include="Command Design Pattern\Header Files">
      <UniqueIdentifier>{d8a26eac-6529-45a7-8cf4-c993fb69d09d}</UniqueIdentifier>
    </Filter>
  </ItemGroup>
  <ItemGroup>
    <ClCompile Include="GameLogic.cpp">
      <Filter>Source Files</Filter>
    </ClCompile>
    <ClCompile Include="FabricPhysics.cpp">
      <Filter>Source Files</Filter>
    </ClCompile>
    <ClCompile Include="Player.cpp">
      <Filter>Source Files</Filter>
    </ClCompile>
    <ClCompile Include="GameObjectAdapter.cpp">
      <Filter>Source Files</Filter>
    </ClCompile>
    <ClCompile Include="CollisionManager.cpp">
      <Filter>Source Files</Filter>
    </ClCompile>
    <ClCompile Include="Collider.cpp">
      <Filter>Source Files</Filter>
    </ClCompile>
    <ClCompile Include="Transform.cpp">
      <Filter>Source Files</Filter>
    </ClCompile>
    <ClCompile Include="GameObject.cpp">
      <Filter>Source Files</Filter>
    </ClCompile>
    <ClCompile Include="BoxCollider.cpp">
      <Filter>Source Files</Filter>
    </ClCompile>
    <ClCompile Include="Collision.cpp">
      <Filter>Source Files</Filter>
    </ClCompile>
    <ClCompile Include="Camera.cpp">
      <Filter>Source Files</Filter>
    </ClCompile>
    <ClCompile Include="FuelManager.cpp">
      <Filter>Source Files</Filter>
    </ClCompile>
    <ClCompile Include="ScoreManager.cpp">
      <Filter>Source Files</Filter>
    </ClCompile>
    <ClCompile Include="RoadSegment.cpp">
      <Filter>Source Files</Filter>
    </ClCompile>
    <ClCompile Include="PlayerTrigger.cpp">
      <Filter>Source Files</Filter>
    </ClCompile>
    <ClCompile Include="TrafficBaseNPC.cpp">
      <Filter>Source Files</Filter>
    </ClCompile>
    <ClCompile Include="FuelCanister.cpp">
      <Filter>Source Files</Filter>
    </ClCompile>
    <ClCompile Include="ApplyMouseForceCommand.cpp">
      <Filter>Command Design Pattern\Source Files</Filter>
    </ClCompile>
    <ClCompile Include="CommandManager.cpp">
      <Filter>Command Design Pattern\Source Files</Filter>
    </ClCompile>
    <ClCompile Include="ExitApplicationCommand.cpp">
      <Filter>Command Design Pattern\Source Files</Filter>
    </ClCompile>
    <ClCompile Include="PauseGameCommand.cpp">
      <Filter>Command Design Pattern\Source Files</Filter>
    </ClCompile>
    <ClCompile Include="StartGameCommand.cpp">
      <Filter>Command Design Pattern\Source Files</Filter>
    </ClCompile>
  </ItemGroup>
  <ItemGroup>
    <ClInclude Include="GameLogic.h">
      <Filter>Header Files</Filter>
    </ClInclude>
    <ClInclude Include="FabricPhysics.h">
      <Filter>Header Files</Filter>
    </ClInclude>
    <ClInclude Include="IInputState.h">
      <Filter>Header Files</Filter>
    </ClInclude>
    <ClInclude Include="Player.h">
      <Filter>Header Files</Filter>
    </ClInclude>
    <ClInclude Include="IGameObject.h">
      <Filter>Header Files</Filter>
    </ClInclude>
    <ClInclude Include="GameObjectAdapter.h">
      <Filter>Header Files</Filter>
    </ClInclude>
    <ClInclude Include="CollisionManager.h">
      <Filter>Header Files</Filter>
    </ClInclude>
    <ClInclude Include="Collider.h">
      <Filter>Header Files</Filter>
    </ClInclude>
    <ClInclude Include="GameObject.h">
      <Filter>Header Files</Filter>
    </ClInclude>
    <ClInclude Include="Transform.h">
      <Filter>Header Files</Filter>
    </ClInclude>
    <ClInclude Include="Vec2.h">
      <Filter>Header Files</Filter>
    </ClInclude>
    <ClInclude Include="BoxCollider.h">
      <Filter>Header Files</Filter>
    </ClInclude>
    <ClInclude Include="Collision.h">
      <Filter>Header Files</Filter>
    </ClInclude>
    <ClInclude Include="ObjectType.h">
      <Filter>Header Files</Filter>
    </ClInclude>
    <ClInclude Include="SpriteType.h">
      <Filter>Header Files</Filter>
    </ClInclude>
    <ClInclude Include="Camera.h">
      <Filter>Header Files</Filter>
    </ClInclude>
    <ClInclude Include="IGame.h">
      <Filter>Header Files</Filter>
    </ClInclude>
    <ClInclude Include="GameState.h">
      <Filter>Header Files</Filter>
    </ClInclude>
    <ClInclude Include="IFabric.h">
      <Filter>Header Files</Filter>
    </ClInclude>
    <ClInclude Include="FuelManager.h">
      <Filter>Header Files</Filter>
    </ClInclude>
    <ClInclude Include="ScoreManager.h">
      <Filter>Header Files</Filter>
    </ClInclude>
    <ClInclude Include="RoadSegment.h">
      <Filter>Header Files</Filter>
    </ClInclude>
    <ClInclude Include="PlayerTrigger.h">
      <Filter>Header Files</Filter>
    </ClInclude>
    <ClInclude Include="TrafficBaseNPC.h">
      <Filter>Header Files</Filter>
    </ClInclude>
    <ClInclude Include="FuelCanister.h">
      <Filter>Header Files</Filter>
    </ClInclude>
    <ClInclude Include="IPlayerListener.h">
      <Filter>Header Files</Filter>
    </ClInclude>
    <ClInclude Include="IFuelManager.h">
      <Filter>Header Files</Filter>
    </ClInclude>
    <ClInclude Include="IScoreManager.h">
      <Filter>Header Files</Filter>
    </ClInclude>
    <ClInclude Include="ICommand.h">
      <Filter>Command Design Pattern</Filter>
    </ClInclude>
    <ClInclude Include="ApplyMouseForceCommand.h">
      <Filter>Command Design Pattern\Header Files</Filter>
    </ClInclude>
    <ClInclude Include="CommandManager.h">
      <Filter>Command Design Pattern\Header Files</Filter>
    </ClInclude>
    <ClInclude Include="ExitApplicationCommand.h">
      <Filter>Command Design Pattern\Header Files</Filter>
    </ClInclude>
    <ClInclude Include="PauseGameCommand.h">
      <Filter>Command Design Pattern\Header Files</Filter>
    </ClInclude>
    <ClInclude Include="StartGameCommand.h">
      <Filter>Command Design Pattern\Header Files</Filter>
    </ClInclude>
  </ItemGroup>
</Project>